
Microsoft Visual Studio Solution File, Format Version 12.00
# Visual Studio 15
VisualStudioVersion = 15.0.27703.2018
MinimumVisualStudioVersion = 10.0.40219.1
Project("{9A19103F-16F7-4668-BE54-9A1E7A4F7556}") = "AutofacOnFunctions.Core", "AutofacOnFunctions.Core\AutofacOnFunctions.Core.csproj", "{114CF4C9-D429-4882-9E0F-77670FC89013}"
EndProject
Project("{9A19103F-16F7-4668-BE54-9A1E7A4F7556}") = "AutofacOnFunctions.Sample", "AutofacOnFunctions.Sample\AutofacOnFunctions.Sample.csproj", "{EC9B87FA-73B7-428F-AA32-999DA8866CAC}"
EndProject
Global
	GlobalSection(SolutionConfigurationPlatforms) = preSolution
		Debug|Any CPU = Debug|Any CPU
		Release|Any CPU = Release|Any CPU
	EndGlobalSection
	GlobalSection(ProjectConfigurationPlatforms) = postSolution
		{114CF4C9-D429-4882-9E0F-77670FC89013}.Debug|Any CPU.ActiveCfg = Debug|Any CPU
		{114CF4C9-D429-4882-9E0F-77670FC89013}.Debug|Any CPU.Build.0 = Debug|Any CPU
		{114CF4C9-D429-4882-9E0F-77670FC89013}.Release|Any CPU.ActiveCfg = Release|Any CPU
		{114CF4C9-D429-4882-9E0F-77670FC89013}.Release|Any CPU.Build.0 = Release|Any CPU
		{EC9B87FA-73B7-428F-AA32-999DA8866CAC}.Debug|Any CPU.ActiveCfg = Debug|Any CPU
		{EC9B87FA-73B7-428F-AA32-999DA8866CAC}.Debug|Any CPU.Build.0 = Debug|Any CPU
		{EC9B87FA-73B7-428F-AA32-999DA8866CAC}.Release|Any CPU.ActiveCfg = Release|Any CPU
		{EC9B87FA-73B7-428F-AA32-999DA8866CAC}.Release|Any CPU.Build.0 = Release|Any CPU
	EndGlobalSection
	GlobalSection(SolutionProperties) = preSolution
		HideSolutionNode = FALSE
	EndGlobalSection
	GlobalSection(ExtensibilityGlobals) = postSolution
		SolutionGuid = {7658F4AD-3A01-4061-860D-A6FBFDA324B3}
	EndGlobalSection
EndGlobal
